// !$*UTF8*$!
{
	archiveVersion = 1;
	classes = {
	};
	objectVersion = 77;
	objects = {

/* Begin PBXBuildFile section */
		4BCD101C2DFB75EA00AD1A0C /* FirebaseAuth in Frameworks */ = {isa = PBXBuildFile; productRef = 4BCD101B2DFB75EA00AD1A0C /* FirebaseAuth */; };
		4BCD101E2DFB75EA00AD1A0C /* FirebaseCore in Frameworks */ = {isa = PBXBuildFile; productRef = 4BCD101D2DFB75EA00AD1A0C /* FirebaseCore */; };
		4BCD10202DFB75EA00AD1A0C /* FirebaseFirestore in Frameworks */ = {isa = PBXBuildFile; productRef = 4BCD101F2DFB75EA00AD1A0C /* FirebaseFirestore */; };
		4BCD10222DFB75EA00AD1A0C /* FirebaseStorage in Frameworks */ = {isa = PBXBuildFile; productRef = 4BCD10212DFB75EA00AD1A0C /* FirebaseStorage */; };
/* End PBXBuildFile section */

/* Begin PBXContainerItemProxy section */
		4BCD0FB22DFA03D300AD1A0C /* PBXContainerItemProxy */ = {
			isa = PBXContainerItemProxy;
			containerPortal = 4BCD0F9C2DFA03D100AD1A0C /* Project object */;
			proxyType = 1;
			remoteGlobalIDString = 4BCD0FA32DFA03D100AD1A0C;
			remoteInfo = "PetGO 411";
		};
		4BCD0FBC2DFA03D300AD1A0C /* PBXContainerItemProxy */ = {
			isa = PBXContainerItemProxy;
			containerPortal = 4BCD0F9C2DFA03D100AD1A0C /* Project object */;
			proxyType = 1;
			remoteGlobalIDString = 4BCD0FA32DFA03D100AD1A0C;
			remoteInfo = "PetGO 411";
		};
/* End PBXContainerItemProxy section */

/* Begin PBXFileReference section */
		4BCD0FA42DFA03D100AD1A0C /* PetGO 411.app */ = {isa = PBXFileReference; explicitFileType = wrapper.application; includeInIndex = 0; path = "PetGO 411.app"; sourceTree = BUILT_PRODUCTS_DIR; };
		4BCD0FB12DFA03D300AD1A0C /* PetGO 411Tests.xctest */ = {isa = PBXFileReference; explicitFileType = wrapper.cfbundle; includeInIndex = 0; path = "PetGO 411Tests.xctest"; sourceTree = BUILT_PRODUCTS_DIR; };
		4BCD0FBB2DFA03D300AD1A0C /* PetGO 411UITests.xctest */ = {isa = PBXFileReference; explicitFileType = wrapper.cfbundle; includeInIndex = 0; path = "PetGO 411UITests.xctest"; sourceTree = BUILT_PRODUCTS_DIR; };
/* End PBXFileReference section */

/* Begin PBXFileSystemSynchronizedBuildFileExceptionSet section */
		4BCD10182DFB750700AD1A0C /* Exceptions for "PetGO 411" folder in "PetGO 411Tests" target */ = {
			isa = PBXFileSystemSynchronizedBuildFileExceptionSet;
			membershipExceptions = (
				"GoogleService-Info.plist",
			);
			target = 4BCD0FB02DFA03D300AD1A0C /* PetGO 411Tests */;
		};
		4BCD10192DFB750700AD1A0C /* Exceptions for "PetGO 411" folder in "PetGO 411UITests" target */ = {
			isa = PBXFileSystemSynchronizedBuildFileExceptionSet;
			membershipExceptions = (
				"GoogleService-Info.plist",
			);
			target = 4BCD0FBA2DFA03D300AD1A0C /* PetGO 411UITests */;
		};
/* End PBXFileSystemSynchronizedBuildFileExceptionSet section */

/* Begin PBXFileSystemSynchronizedRootGroup section */
		4BCD0FA62DFA03D100AD1A0C /* PetGO 411 */ = {
			isa = PBXFileSystemSynchronizedRootGroup;
			exceptions = (
				4BCD10182DFB750700AD1A0C /* Exceptions for "PetGO 411" folder in "PetGO 411Tests" target */,
				4BCD10192DFB750700AD1A0C /* Exceptions for "PetGO 411" folder in "PetGO 411UITests" target */,
			);
			path = "PetGO 411";
			sourceTree = "<group>";
		};
		4BCD0FB42DFA03D300AD1A0C /* PetGO 411Tests */ = {
			isa = PBXFileSystemSynchronizedRootGroup;
			path = "PetGO 411Tests";
			sourceTree = "<group>";
		};
		4BCD0FBE2DFA03D300AD1A0C /* PetGO 411UITests */ = {
			isa = PBXFileSystemSynchronizedRootGroup;
			path = "PetGO 411UITests";
			sourceTree = "<group>";
		};
/* End PBXFileSystemSynchronizedRootGroup section */

/* Begin PBXFrameworksBuildPhase section */
		4BCD0FA12DFA03D100AD1A0C /* Frameworks */ = {
			isa = PBXFrameworksBuildPhase;
			buildActionMask = 2147483647;
			files = (
				4BCD101E2DFB75EA00AD1A0C /* FirebaseCore in Frameworks */,
				4BCD10222DFB75EA00AD1A0C /* FirebaseStorage in Frameworks */,
				4BCD101C2DFB75EA00AD1A0C /* FirebaseAuth in Frameworks */,
				4BCD10202DFB75EA00AD1A0C /* FirebaseFirestore in Frameworks */,
			);
			runOnlyForDeploymentPostprocessing = 0;
		};
		4BCD0FAE2DFA03D300AD1A0C /* Frameworks */ = {
			isa = PBXFrameworksBuildPhase;
			buildActionMask = 2147483647;
			files = (
			);
			runOnlyForDeploymentPostprocessing = 0;
		};
		4BCD0FB82DFA03D300AD1A0C /* Frameworks */ = {
			isa = PBXFrameworksBuildPhase;
			buildActionMask = 2147483647;
			files = (
			);
			runOnlyForDeploymentPostprocessing = 0;
		};
/* End PBXFrameworksBuildPhase section */

/* Begin PBXGroup section */
		4BCD0F9B2DFA03D100AD1A0C = {
			isa = PBXGroup;
			children = (
				4BCD0FA62DFA03D100AD1A0C /* PetGO 411 */,
				4BCD0FB42DFA03D300AD1A0C /* PetGO 411Tests */,
				4BCD0FBE2DFA03D300AD1A0C /* PetGO 411UITests */,
				4BCD0FA52DFA03D100AD1A0C /* Products */,
			);
			sourceTree = "<group>";
		};
		4BCD0FA52DFA03D100AD1A0C /* Products */ = {
			isa = PBXGroup;
			children = (
				4BCD0FA42DFA03D100AD1A0C /* PetGO 411.app */,
				4BCD0FB12DFA03D300AD1A0C /* PetGO 411Tests.xctest */,
				4BCD0FBB2DFA03D300AD1A0C /* PetGO 411UITests.xctest */,
			);
			name = Products;
			sourceTree = "<group>";
		};
/* End PBXGroup section */

/* Begin PBXNativeTarget section */
		4BCD0FA32DFA03D100AD1A0C /* PetGO 411 */ = {
			isa = PBXNativeTarget;
			buildConfigurationList = 4BCD0FC52DFA03D300AD1A0C /* Build configuration list for PBXNativeTarget "PetGO 411" */;
			buildPhases = (
				4BCD0FA02DFA03D100AD1A0C /* Sources */,
				4BCD0FA12DFA03D100AD1A0C /* Frameworks */,
				4BCD0FA22DFA03D100AD1A0C /* Resources */,
			);
			buildRules = (
			);
			dependencies = (
			);
			fileSystemSynchronizedGroups = (
				4BCD0FA62DFA03D100AD1A0C /* PetGO 411 */,
			);
			name = "PetGO 411";
			packageProductDependencies = (
				4BCD101B2DFB75EA00AD1A0C /* FirebaseAuth */,
				4BCD101D2DFB75EA00AD1A0C /* FirebaseCore */,
				4BCD101F2DFB75EA00AD1A0C /* FirebaseFirestore */,
				4BCD10212DFB75EA00AD1A0C /* FirebaseStorage */,
			);
			productName = "PetGO 411";
			productReference = 4BCD0FA42DFA03D100AD1A0C /* PetGO 411.app */;
			productType = "com.apple.product-type.application";
		};
		4BCD0FB02DFA03D300AD1A0C /* PetGO 411Tests */ = {
			isa = PBXNativeTarget;
			buildConfigurationList = 4BCD0FC82DFA03D300AD1A0C /* Build configuration list for PBXNativeTarget "PetGO 411Tests" */;
			buildPhases = (
				4BCD0FAD2DFA03D300AD1A0C /* Sources */,
				4BCD0FAE2DFA03D300AD1A0C /* Frameworks */,
				4BCD0FAF2DFA03D300AD1A0C /* Resources */,
			);
			buildRules = (
			);
			dependencies = (
				4BCD0FB32DFA03D300AD1A0C /* PBXTargetDependency */,
			);
			fileSystemSynchronizedGroups = (
				4BCD0FB42DFA03D300AD1A0C /* PetGO 411Tests */,
			);
			name = "PetGO 411Tests";
			packageProductDependencies = (
			);
			productName = "PetGO 411Tests";
			productReference = 4BCD0FB12DFA03D300AD1A0C /* PetGO 411Tests.xctest */;
			productType = "com.apple.product-type.bundle.unit-test";
		};
		4BCD0FBA2DFA03D300AD1A0C /* PetGO 411UITests */ = {
			isa = PBXNativeTarget;
			buildConfigurationList = 4BCD0FCB2DFA03D300AD1A0C /* Build configuration list for PBXNativeTarget "PetGO 411UITests" */;
			buildPhases = (
				4BCD0FB72DFA03D300AD1A0C /* Sources */,
				4BCD0FB82DFA03D300AD1A0C /* Frameworks */,
				4BCD0FB92DFA03D300AD1A0C /* Resources */,
			);
			buildRules = (
			);
			dependencies = (
				4BCD0FBD2DFA03D300AD1A0C /* PBXTargetDependency */,
			);
			fileSystemSynchronizedGroups = (
				4BCD0FBE2DFA03D300AD1A0C /* PetGO 411UITests */,
			);
			name = "PetGO 411UITests";
			packageProductDependencies = (
			);
			productName = "PetGO 411UITests";
			productReference = 4BCD0FBB2DFA03D300AD1A0C /* PetGO 411UITests.xctest */;
			productType = "com.apple.product-type.bundle.ui-testing";
		};
/* End PBXNativeTarget section */

/* Begin PBXProject section */
		4BCD0F9C2DFA03D100AD1A0C /* Project object */ = {
			isa = PBXProject;
			attributes = {
				BuildIndependentTargetsInParallel = 1;
				LastSwiftUpdateCheck = 1640;
				LastUpgradeCheck = 1640;
				TargetAttributes = {
					4BCD0FA32DFA03D100AD1A0C = {
						CreatedOnToolsVersion = 16.4;
					};
					4BCD0FB02DFA03D300AD1A0C = {
						CreatedOnToolsVersion = 16.4;
						TestTargetID = 4BCD0FA32DFA03D100AD1A0C;
					};
					4BCD0FBA2DFA03D300AD1A0C = {
						CreatedOnToolsVersion = 16.4;
						TestTargetID = 4BCD0FA32DFA03D100AD1A0C;
					};
				};
			};
			buildConfigurationList = 4BCD0F9F2DFA03D100AD1A0C /* Build configuration list for PBXProject "PetGO 411" */;
			developmentRegion = en;
			hasScannedForEncodings = 0;
			knownRegions = (
				en,
				Base,
			);
			mainGroup = 4BCD0F9B2DFA03D100AD1A0C;
			minimizedProjectReferenceProxies = 1;
			packageReferences = (
				4BCD101A2DFB75EA00AD1A0C /* XCRemoteSwiftPackageReference "firebase-ios-sdk" */,
			);
			preferredProjectObjectVersion = 77;
			productRefGroup = 4BCD0FA52DFA03D100AD1A0C /* Products */;
			projectDirPath = "";
			projectRoot = "";
			targets = (
				4BCD0FA32DFA03D100AD1A0C /* PetGO 411 */,
				4BCD0FB02DFA03D300AD1A0C /* PetGO 411Tests */,
				4BCD0FBA2DFA03D300AD1A0C /* PetGO 411UITests */,
			);
		};
/* End PBXProject section */

/* Begin PBXResourcesBuildPhase section */
		4BCD0FA22DFA03D100AD1A0C /* Resources */ = {
			isa = PBXResourcesBuildPhase;
			buildActionMask = 2147483647;
			files = (
			);
			runOnlyForDeploymentPostprocessing = 0;
		};
		4BCD0FAF2DFA03D300AD1A0C /* Resources */ = {
			isa = PBXResourcesBuildPhase;
			buildActionMask = 2147483647;
			files = (
			);
			runOnlyForDeploymentPostprocessing = 0;
		};
		4BCD0FB92DFA03D300AD1A0C /* Resources */ = {
			isa = PBXResourcesBuildPhase;
			buildActionMask = 2147483647;
			files = (
			);
			runOnlyForDeploymentPostprocessing = 0;
		};
/* End PBXResourcesBuildPhase section */

/* Begin PBXSourcesBuildPhase section */
		4BCD0FA02DFA03D100AD1A0C /* Sources */ = {
			isa = PBXSourcesBuildPhase;
			buildActionMask = 2147483647;
			files = (
			);
			runOnlyForDeploymentPostprocessing = 0;
		};
		4BCD0FAD2DFA03D300AD1A0C /* Sources */ = {
			isa = PBXSourcesBuildPhase;
			buildActionMask = 2147483647;
			files = (
			);
			runOnlyForDeploymentPostprocessing = 0;
		};
		4BCD0FB72DFA03D300AD1A0C /* Sources */ = {
			isa = PBXSourcesBuildPhase;
			buildActionMask = 2147483647;
			files = (
			);
			runOnlyForDeploymentPostprocessing = 0;
		};
/* End PBXSourcesBuildPhase section */

/* Begin PBXTargetDependency section */
		4BCD0FB32DFA03D300AD1A0C /* PBXTargetDependency */ = {
			isa = PBXTargetDependency;
			target = 4BCD0FA32DFA03D100AD1A0C /* PetGO 411 */;
			targetProxy = 4BCD0FB22DFA03D300AD1A0C /* PBXContainerItemProxy */;
		};
		4BCD0FBD2DFA03D300AD1A0C /* PBXTargetDependency */ = {
			isa = PBXTargetDependency;
			target = 4BCD0FA32DFA03D100AD1A0C /* PetGO 411 */;
			targetProxy = 4BCD0FBC2DFA03D300AD1A0C /* PBXContainerItemProxy */;
		};
/* End PBXTargetDependency section */

/* Begin XCBuildConfiguration section */
		4BCD0FC32DFA03D300AD1A0C /* Debug */ = {
			isa = XCBuildConfiguration;
			buildSettings = {
				ALWAYS_SEARCH_USER_PATHS = NO;
				ASSETCATALOG_COMPILER_GENERATE_SWIFT_ASSET_SYMBOL_EXTENSIONS = YES;
				CLANG_ANALYZER_NONNULL = YES;
				CLANG_ANALYZER_NUMBER_OBJECT_CONVERSION = YES_AGGRESSIVE;
				CLANG_CXX_LANGUAGE_STANDARD = "gnu++20";
				CLANG_ENABLE_MODULES = YES;
				CLANG_ENABLE_OBJC_ARC = YES;
				CLANG_ENABLE_OBJC_WEAK = YES;
				CLANG_WARN_BLOCK_CAPTURE_AUTORELEASING = YES;
				CLANG_WARN_BOOL_CONVERSION = YES;
				CLANG_WARN_COMMA = YES;
				CLANG_WARN_CONSTANT_CONVERSION = YES;
				CLANG_WARN_DEPRECATED_OBJC_IMPLEMENTATIONS = YES;
				CLANG_WARN_DIRECT_OBJC_ISA_USAGE = YES_ERROR;
				CLANG_WARN_DOCUMENTATION_COMMENTS = YES;
				CLANG_WARN_EMPTY_BODY = YES;
				CLANG_WARN_ENUM_CONVERSION = YES;
				CLANG_WARN_INFINITE_RECURSION = YES;
				CLANG_WARN_INT_CONVERSION = YES;
				CLANG_WARN_NON_LITERAL_NULL_CONVERSION = YES;
				CLANG_WARN_OBJC_IMPLICIT_RETAIN_SELF = YES;
				CLANG_WARN_OBJC_LITERAL_CONVERSION = YES;
				CLANG_WARN_OBJC_ROOT_CLASS = YES_ERROR;
				CLANG_WARN_QUOTED_INCLUDE_IN_FRAMEWORK_HEADER = YES;
				CLANG_WARN_RANGE_LOOP_ANALYSIS = YES;
				CLANG_WARN_STRICT_PROTOTYPES = YES;
				CLANG_WARN_SUSPICIOUS_MOVE = YES;
				CLANG_WARN_UNGUARDED_AVAILABILITY = YES_AGGRESSIVE;
				CLANG_WARN_UNREACHABLE_CODE = YES;
				CLANG_WARN__DUPLICATE_METHOD_MATCH = YES;
				COPY_PHASE_STRIP = NO;
				DEBUG_INFORMATION_FORMAT = dwarf;
				ENABLE_STRICT_OBJC_MSGSEND = YES;
				ENABLE_TESTABILITY = YES;
				ENABLE_USER_SCRIPT_SANDBOXING = YES;
				GCC_C_LANGUAGE_STANDARD = gnu17;
				GCC_DYNAMIC_NO_PIC = NO;
				GCC_NO_COMMON_BLOCKS = YES;
				GCC_OPTIMIZATION_LEVEL = 0;
				GCC_PREPROCESSOR_DEFINITIONS = (
					"DEBUG=1",
					"$(inherited)",
				);
				GCC_WARN_64_TO_32_BIT_CONVERSION = YES;
				GCC_WARN_ABOUT_RETURN_TYPE = YES_ERROR;
				GCC_WARN_UNDECLARED_SELECTOR = YES;
				GCC_WARN_UNINITIALIZED_AUTOS = YES_AGGRESSIVE;
				GCC_WARN_UNUSED_FUNCTION = YES;
				GCC_WARN_UNUSED_VARIABLE = YES;
				IPHONEOS_DEPLOYMENT_TARGET = 18.5;
				LOCALIZATION_PREFERS_STRING_CATALOGS = YES;
				MTL_ENABLE_DEBUG_INFO = INCLUDE_SOURCE;
				MTL_FAST_MATH = YES;
				ONLY_ACTIVE_ARCH = YES;
				SDKROOT = iphoneos;
				SWIFT_ACTIVE_COMPILATION_CONDITIONS = "DEBUG $(inherited)";
				SWIFT_OPTIMIZATION_LEVEL = "-Onone";
			};
			name = Debug;
		};
		4BCD0FC42DFA03D300AD1A0C /* Release */ = {
			isa = XCBuildConfiguration;
			buildSettings = {
				ALWAYS_SEARCH_USER_PATHS = NO;
				ASSETCATALOG_COMPILER_GENERATE_SWIFT_ASSET_SYMBOL_EXTENSIONS = YES;
				CLANG_ANALYZER_NONNULL = YES;
				CLANG_ANALYZER_NUMBER_OBJECT_CONVERSION = YES_AGGRESSIVE;
				CLANG_CXX_LANGUAGE_STANDARD = "gnu++20";
				CLANG_ENABLE_MODULES = YES;
				CLANG_ENABLE_OBJC_ARC = YES;
				CLANG_ENABLE_OBJC_WEAK = YES;
				CLANG_WARN_BLOCK_CAPTURE_AUTORELEASING = YES;
				CLANG_WARN_BOOL_CONVERSION = YES;
				CLANG_WARN_COMMA = YES;
				CLANG_WARN_CONSTANT_CONVERSION = YES;
				CLANG_WARN_DEPRECATED_OBJC_IMPLEMENTATIONS = YES;
				CLANG_WARN_DIRECT_OBJC_ISA_USAGE = YES_ERROR;
				CLANG_WARN_DOCUMENTATION_COMMENTS = YES;
				CLANG_WARN_EMPTY_BODY = YES;
				CLANG_WARN_ENUM_CONVERSION = YES;
				CLANG_WARN_INFINITE_RECURSION = YES;
				CLANG_WARN_INT_CONVERSION = YES;
				CLANG_WARN_NON_LITERAL_NULL_CONVERSION = YES;
				CLANG_WARN_OBJC_IMPLICIT_RETAIN_SELF = YES;
				CLANG_WARN_OBJC_LITERAL_CONVERSION = YES;
				CLANG_WARN_OBJC_ROOT_CLASS = YES_ERROR;
				CLANG_WARN_QUOTED_INCLUDE_IN_FRAMEWORK_HEADER = YES;
				CLANG_WARN_RANGE_LOOP_ANALYSIS = YES;
				CLANG_WARN_STRICT_PROTOTYPES = YES;
				CLANG_WARN_SUSPICIOUS_MOVE = YES;
				CLANG_WARN_UNGUARDED_AVAILABILITY = YES_AGGRESSIVE;
				CLANG_WARN_UNREACHABLE_CODE = YES;
				CLANG_WARN__DUPLICATE_METHOD_MATCH = YES;
				COPY_PHASE_STRIP = NO;
				DEBUG_INFORMATION_FORMAT = "dwarf-with-dsym";
				ENABLE_NS_ASSERTIONS = NO;
				ENABLE_STRICT_OBJC_MSGSEND = YES;
				ENABLE_USER_SCRIPT_SANDBOXING = YES;
				GCC_C_LANGUAGE_STANDARD = gnu17;
				GCC_NO_COMMON_BLOCKS = YES;
				GCC_WARN_64_TO_32_BIT_CONVERSION = YES;
				GCC_WARN_ABOUT_RETURN_TYPE = YES_ERROR;
				GCC_WARN_UNDECLARED_SELECTOR = YES;
				GCC_WARN_UNINITIALIZED_AUTOS = YES_AGGRESSIVE;
				GCC_WARN_UNUSED_FUNCTION = YES;
				GCC_WARN_UNUSED_VARIABLE = YES;
				IPHONEOS_DEPLOYMENT_TARGET = 18.5;
				LOCALIZATION_PREFERS_STRING_CATALOGS = YES;
				MTL_ENABLE_DEBUG_INFO = NO;
				MTL_FAST_MATH = YES;
				SDKROOT = iphoneos;
				SWIFT_COMPILATION_MODE = wholemodule;
				VALIDATE_PRODUCT = YES;
			};
			name = Release;
		};
		4BCD0FC62DFA03D300AD1A0C /* Debug */ = {
			isa = XCBuildConfiguration;
			buildSettings = {
				ASSETCATALOG_COMPILER_APPICON_NAME = AppIcon;
				ASSETCATALOG_COMPILER_GLOBAL_ACCENT_COLOR_NAME = AccentColor;
				ASSETCATALOG_COMPILER_INCLUDE_ALL_APPICON_ASSETS = YES;
				CODE_SIGN_STYLE = Automatic;
				CURRENT_PROJECT_VERSION = 1;
				DEVELOPMENT_TEAM = NHB47C332H;
				ENABLE_PREVIEWS = YES;
				GENERATE_INFOPLIST_FILE = YES;
				INFOPLIST_KEY_UIApplicationSceneManifest_Generation = YES;
				INFOPLIST_KEY_UIApplicationSupportsIndirectInputEvents = YES;
				INFOPLIST_KEY_UILaunchScreen_Generation = YES;
				INFOPLIST_KEY_UISupportedInterfaceOrientations_iPad = "UIInterfaceOrientationPortrait UIInterfaceOrientationPortraitUpsideDown UIInterfaceOrientationLandscapeLeft UIInterfaceOrientationLandscapeRight";
				INFOPLIST_KEY_UISupportedInterfaceOrientations_iPhone = "UIInterfaceOrientationPortrait UIInterfaceOrientationLandscapeLeft UIInterfaceOrientationLandscapeRight";
				IPHONEOS_DEPLOYMENT_TARGET = 17.6;
				LD_RUNPATH_SEARCH_PATHS = (
					"$(inherited)",
					"@executable_path/Frameworks",
				);
				MARKETING_VERSION = 1.0;
				PRODUCT_BUNDLE_IDENTIFIER = "-11.PetGO-411";
				PRODUCT_NAME = "$(TARGET_NAME)";
				SWIFT_EMIT_LOC_STRINGS = YES;
				SWIFT_VERSION = 5.0;
				TARGETED_DEVICE_FAMILY = "1,2";
			};
			name = Debug;
		};
		4BCD0FC72DFA03D300AD1A0C /* Release */ = {
			isa = XCBuildConfiguration;
			buildSettings = {
				ASSETCATALOG_COMPILER_APPICON_NAME = AppIcon;
				ASSETCATALOG_COMPILER_GLOBAL_ACCENT_COLOR_NAME = AccentColor;
				ASSETCATALOG_COMPILER_INCLUDE_ALL_APPICON_ASSETS = YES;
				CODE_SIGN_STYLE = Automatic;
				CURRENT_PROJECT_VERSION = 1;
				DEVELOPMENT_TEAM = NHB47C332H;
				ENABLE_PREVIEWS = YES;
				GENERATE_INFOPLIST_FILE = YES;
				INFOPLIST_KEY_UIApplicationSceneManifest_Generation = YES;
				INFOPLIST_KEY_UIApplicationSupportsIndirectInputEvents = YES;
				INFOPLIST_KEY_UILaunchScreen_Generation = YES;
				INFOPLIST_KEY_UISupportedInterfaceOrientations_iPad = "UIInterfaceOrientationPortrait UIInterfaceOrientationPortraitUpsideDown UIInterfaceOrientationLandscapeLeft UIInterfaceOrientationLandscapeRight";
				INFOPLIST_KEY_UISupportedInterfaceOrientations_iPhone = "UIInterfaceOrientationPortrait UIInterfaceOrientationLandscapeLeft UIInterfaceOrientationLandscapeRight";
				IPHONEOS_DEPLOYMENT_TARGET = 17.6;
				LD_RUNPATH_SEARCH_PATHS = (
					"$(inherited)",
					"@executable_path/Frameworks",
				);
				MARKETING_VERSION = 1.0;
				PRODUCT_BUNDLE_IDENTIFIER = "-11.PetGO-411";
				PRODUCT_NAME = "$(TARGET_NAME)";
				SWIFT_EMIT_LOC_STRINGS = YES;
				SWIFT_VERSION = 5.0;
				TARGETED_DEVICE_FAMILY = "1,2";
			};
			name = Release;
		};
		4BCD0FC92DFA03D300AD1A0C /* Debug */ = {
			isa = XCBuildConfiguration;
			buildSettings = {
				BUNDLE_LOADER = "$(TEST_HOST)";
				CODE_SIGN_STYLE = Automatic;
				CURRENT_PROJECT_VERSION = 1;
				GENERATE_INFOPLIST_FILE = YES;
				IPHONEOS_DEPLOYMENT_TARGET = 18.5;
				MARKETING_VERSION = 1.0;
				PRODUCT_BUNDLE_IDENTIFIER = "-11.PetGO-411Tests";
				PRODUCT_NAME = "$(TARGET_NAME)";
				SWIFT_EMIT_LOC_STRINGS = NO;
				SWIFT_VERSION = 5.0;
				TARGETED_DEVICE_FAMILY = "1,2";
				TEST_HOST = "$(BUILT_PRODUCTS_DIR)/PetGO 411.app/$(BUNDLE_EXECUTABLE_FOLDER_PATH)/PetGO 411";
			};
			name = Debug;
		};
		4BCD0FCA2DFA03D300AD1A0C /* Release */ = {
			isa = XCBuildConfiguration;
			buildSettings = {
				BUNDLE_LOADER = "$(TEST_HOST)";
				CODE_SIGN_STYLE = Automatic;
				CURRENT_PROJECT_VERSION = 1;
				GENERATE_INFOPLIST_FILE = YES;
				IPHONEOS_DEPLOYMENT_TARGET = 18.5;
				MARKETING_VERSION = 1.0;
				PRODUCT_BUNDLE_IDENTIFIER = "-11.PetGO-411Tests";
				PRODUCT_NAME = "$(TARGET_NAME)";
				SWIFT_EMIT_LOC_STRINGS = NO;
				SWIFT_VERSION = 5.0;
				TARGETED_DEVICE_FAMILY = "1,2";
				TEST_HOST = "$(BUILT_PRODUCTS_DIR)/PetGO 411.app/$(BUNDLE_EXECUTABLE_FOLDER_PATH)/PetGO 411";
			};
			name = Release;
		};
		4BCD0FCC2DFA03D300AD1A0C /* Debug */ = {
			isa = XCBuildConfiguration;
			buildSettings = {
				CODE_SIGN_STYLE = Automatic;
				CURRENT_PROJECT_VERSION = 1;
				GENERATE_INFOPLIST_FILE = YES;
				MARKETING_VERSION = 1.0;
				PRODUCT_BUNDLE_IDENTIFIER = "-11.PetGO-411UITests";
				PRODUCT_NAME = "$(TARGET_NAME)";
				SWIFT_EMIT_LOC_STRINGS = NO;
				SWIFT_VERSION = 5.0;
				TARGETED_DEVICE_FAMILY = "1,2";
				TEST_TARGET_NAME = "PetGO 411";
			};
			name = Debug;
		};
		4BCD0FCD2DFA03D300AD1A0C /* Release */ = {
			isa = XCBuildConfiguration;
			buildSettings = {
				CODE_SIGN_STYLE = Automatic;
				CURRENT_PROJECT_VERSION = 1;
				GENERATE_INFOPLIST_FILE = YES;
				MARKETING_VERSION = 1.0;
				PRODUCT_BUNDLE_IDENTIFIER = "-11.PetGO-411UITests";
				PRODUCT_NAME = "$(TARGET_NAME)";
				SWIFT_EMIT_LOC_STRINGS = NO;
				SWIFT_VERSION = 5.0;
				TARGETED_DEVICE_FAMILY = "1,2";
				TEST_TARGET_NAME = "PetGO 411";
			};
			name = Release;
		};
/* End XCBuildConfiguration section */

/* Begin XCConfigurationList section */
		4BCD0F9F2DFA03D100AD1A0C /* Build configuration list for PBXProject "PetGO 411" */ = {
			isa = XCConfigurationList;
			buildConfigurations = (
				4BCD0FC32DFA03D300AD1A0C /* Debug */,
				4BCD0FC42DFA03D300AD1A0C /* Release */,
			);
			defaultConfigurationIsVisible = 0;
			defaultConfigurationName = Release;
		};
		4BCD0FC52DFA03D300AD1A0C /* Build configuration list for PBXNativeTarget "PetGO 411" */ = {
			isa = XCConfigurationList;
			buildConfigurations = (
				4BCD0FC62DFA03D300AD1A0C /* Debug */,
				4BCD0FC72DFA03D300AD1A0C /* Release */,
			);
			defaultConfigurationIsVisible = 0;
			defaultConfigurationName = Release;
		};
		4BCD0FC82DFA03D300AD1A0C /* Build configuration list for PBXNativeTarget "PetGO 411Tests" */ = {
			isa = XCConfigurationList;
			buildConfigurations = (
				4BCD0FC92DFA03D300AD1A0C /* Debug */,
				4BCD0FCA2DFA03D300AD1A0C /* Release */,
			);
			defaultConfigurationIsVisible = 0;
			defaultConfigurationName = Release;
		};
		4BCD0FCB2DFA03D300AD1A0C /* Build configuration list for PBXNativeTarget "PetGO 411UITests" */ = {
			isa = XCConfigurationList;
			buildConfigurations = (
				4BCD0FCC2DFA03D300AD1A0C /* Debug */,
				4BCD0FCD2DFA03D300AD1A0C /* Release */,
			);
			defaultConfigurationIsVisible = 0;
			defaultConfigurationName = Release;
		};
/* End XCConfigurationList section */

/* Begin XCRemoteSwiftPackageReference section */
		4BCD101A2DFB75EA00AD1A0C /* XCRemoteSwiftPackageReference "firebase-ios-sdk" */ = {
			isa = XCRemoteSwiftPackageReference;
			repositoryURL = "https://github.com/firebase/firebase-ios-sdk";
			requirement = {
				kind = upToNextMajorVersion;
				minimumVersion = 11.14.0;
			};
		};
/* End XCRemoteSwiftPackageReference section */

/* Begin XCSwiftPackageProductDependency section */
		4BCD101B2DFB75EA00AD1A0C /* FirebaseAuth */ = {
			isa = XCSwiftPackageProductDependency;
			package = 4BCD101A2DFB75EA00AD1A0C /* XCRemoteSwiftPackageReference "firebase-ios-sdk" */;
			productName = FirebaseAuth;
		};
		4BCD101D2DFB75EA00AD1A0C /* FirebaseCore */ = {
			isa = XCSwiftPackageProductDependency;
			package = 4BCD101A2DFB75EA00AD1A0C /* XCRemoteSwiftPackageReference "firebase-ios-sdk" */;
			productName = FirebaseCore;
		};
		4BCD101F2DFB75EA00AD1A0C /* FirebaseFirestore */ = {
			isa = XCSwiftPackageProductDependency;
			package = 4BCD101A2DFB75EA00AD1A0C /* XCRemoteSwiftPackageReference "firebase-ios-sdk" */;
			productName = FirebaseFirestore;
		};
		4BCD10212DFB75EA00AD1A0C /* FirebaseStorage */ = {
			isa = XCSwiftPackageProductDependency;
			package = 4BCD101A2DFB75EA00AD1A0C /* XCRemoteSwiftPackageReference "firebase-ios-sdk" */;
			productName = FirebaseStorage;
		};
/* End XCSwiftPackageProductDependency section */
	};
	rootObject = 4BCD0F9C2DFA03D100AD1A0C /* Project object */;
}
